
Microsoft Visual Studio Solution File, Format Version 12.00
# Visual Studio 15
VisualStudioVersion = 15.0.26124.0
MinimumVisualStudioVersion = 15.0.26124.0
Project("{FAE04EC0-301F-11D3-BF4B-00C04F79EFBC}") = "Springcomp.GPPG", "Springcomp.GPPG\Springcomp.GPPG.csproj", "{289BF4DC-218B-4B3C-975A-99D0B15EE464}"
EndProject
Project("{FAE04EC0-301F-11D3-BF4B-00C04F79EFBC}") = "Sprincomp.GPPG.Runtime", "Springcomp.GPPG.Runtime\Sprincomp.GPPG.Runtime.csproj", "{9A31FA4A-5EE8-4DBF-9CB4-512F9C91E0BD}"
EndProject
Global
	GlobalSection(SolutionConfigurationPlatforms) = preSolution
		Debug|Any CPU = Debug|Any CPU
		Debug|x64 = Debug|x64
		Debug|x86 = Debug|x86
		Release|Any CPU = Release|Any CPU
		Release|x64 = Release|x64
		Release|x86 = Release|x86
	EndGlobalSection
	GlobalSection(SolutionProperties) = preSolution
		HideSolutionNode = FALSE
	EndGlobalSection
	GlobalSection(ProjectConfigurationPlatforms) = postSolution
		{289BF4DC-218B-4B3C-975A-99D0B15EE464}.Debug|Any CPU.ActiveCfg = Debug|Any CPU
		{289BF4DC-218B-4B3C-975A-99D0B15EE464}.Debug|Any CPU.Build.0 = Debug|Any CPU
		{289BF4DC-218B-4B3C-975A-99D0B15EE464}.Debug|x64.ActiveCfg = Debug|Any CPU
		{289BF4DC-218B-4B3C-975A-99D0B15EE464}.Debug|x64.Build.0 = Debug|Any CPU
		{289BF4DC-218B-4B3C-975A-99D0B15EE464}.Debug|x86.ActiveCfg = Debug|Any CPU
		{289BF4DC-218B-4B3C-975A-99D0B15EE464}.Debug|x86.Build.0 = Debug|Any CPU
		{289BF4DC-218B-4B3C-975A-99D0B15EE464}.Release|Any CPU.ActiveCfg = Release|Any CPU
		{289BF4DC-218B-4B3C-975A-99D0B15EE464}.Release|Any CPU.Build.0 = Release|Any CPU
		{289BF4DC-218B-4B3C-975A-99D0B15EE464}.Release|x64.ActiveCfg = Release|Any CPU
		{289BF4DC-218B-4B3C-975A-99D0B15EE464}.Release|x64.Build.0 = Release|Any CPU
		{289BF4DC-218B-4B3C-975A-99D0B15EE464}.Release|x86.ActiveCfg = Release|Any CPU
		{289BF4DC-218B-4B3C-975A-99D0B15EE464}.Release|x86.Build.0 = Release|Any CPU
		{9A31FA4A-5EE8-4DBF-9CB4-512F9C91E0BD}.Debug|Any CPU.ActiveCfg = Debug|Any CPU
		{9A31FA4A-5EE8-4DBF-9CB4-512F9C91E0BD}.Debug|Any CPU.Build.0 = Debug|Any CPU
		{9A31FA4A-5EE8-4DBF-9CB4-512F9C91E0BD}.Debug|x64.ActiveCfg = Debug|Any CPU
		{9A31FA4A-5EE8-4DBF-9CB4-512F9C91E0BD}.Debug|x64.Build.0 = Debug|Any CPU
		{9A31FA4A-5EE8-4DBF-9CB4-512F9C91E0BD}.Debug|x86.ActiveCfg = Debug|Any CPU
		{9A31FA4A-5EE8-4DBF-9CB4-512F9C91E0BD}.Debug|x86.Build.0 = Debug|Any CPU
		{9A31FA4A-5EE8-4DBF-9CB4-512F9C91E0BD}.Release|Any CPU.ActiveCfg = Release|Any CPU
		{9A31FA4A-5EE8-4DBF-9CB4-512F9C91E0BD}.Release|Any CPU.Build.0 = Release|Any CPU
		{9A31FA4A-5EE8-4DBF-9CB4-512F9C91E0BD}.Release|x64.ActiveCfg = Release|Any CPU
		{9A31FA4A-5EE8-4DBF-9CB4-512F9C91E0BD}.Release|x64.Build.0 = Release|Any CPU
		{9A31FA4A-5EE8-4DBF-9CB4-512F9C91E0BD}.Release|x86.ActiveCfg = Release|Any CPU
		{9A31FA4A-5EE8-4DBF-9CB4-512F9C91E0BD}.Release|x86.Build.0 = Release|Any CPU
	EndGlobalSection
EndGlobal
